<Solution>
  <Folder Name="/src/">
    <Project Path="src/Aion2Meter.Cli/Aion2Meter.Cli.csproj" />
    <Project Path="src/Aion2Meter.Core/Aion2Meter.Core.csproj" />
    <Project Path="src/Aion2Meter.Overlay/Aion2Meter.Overlay.csproj" />
  </Folder>
  <Folder Name="/tests/">
    <Project Path="tests/Aion2Meter.Testes/Aion2Meter.Testes.csproj" />
  </Folder>
</Solution>
